// !$*UTF8*$!
{
	archiveVersion = 1;
	classes = {
	};
	objectVersion = 46;
	objects = {

/* Begin PBXBuildFile section */
		B504D29017977BD7002CC17C /* Default-568h@2x.png in Resources */ = {isa = PBXBuildFile; fileRef = B504D28F17977BD7002CC17C /* Default-568h@2x.png */; };
		B5745DF61A9C020400646A04 /* NSString+NFURLConnection.h in Headers */ = {isa = PBXBuildFile; fileRef = B5745DF41A9C020400646A04 /* NSString+NFURLConnection.h */; };
		B5745DF71A9C020400646A04 /* NSString+NFURLConnection.m in Sources */ = {isa = PBXBuildFile; fileRef = B5745DF51A9C020400646A04 /* NSString+NFURLConnection.m */; };
		B5BB0337149EBA5E000F7DD1 /* Foundation.framework in Frameworks */ = {isa = PBXBuildFile; fileRef = B5BB0336149EBA5E000F7DD1 /* Foundation.framework */; };
		B5BB0345149EBA5E000F7DD1 /* SenTestingKit.framework in Frameworks */ = {isa = PBXBuildFile; fileRef = B5BB0344149EBA5E000F7DD1 /* SenTestingKit.framework */; };
		B5BB0347149EBA5E000F7DD1 /* UIKit.framework in Frameworks */ = {isa = PBXBuildFile; fileRef = B5BB0346149EBA5E000F7DD1 /* UIKit.framework */; };
		B5BB0348149EBA5E000F7DD1 /* Foundation.framework in Frameworks */ = {isa = PBXBuildFile; fileRef = B5BB0336149EBA5E000F7DD1 /* Foundation.framework */; };
		B5BB034B149EBA5E000F7DD1 /* libNFURLConnection.a in Frameworks */ = {isa = PBXBuildFile; fileRef = B5BB0333149EBA5E000F7DD1 /* libNFURLConnection.a */; };
		B5BB0390149EBD0D000F7DD1 /* NFURLConnection-Prefix.pch in Headers */ = {isa = PBXBuildFile; fileRef = B5BB0385149EBD0D000F7DD1 /* NFURLConnection-Prefix.pch */; };
		B5BB0391149EBD0D000F7DD1 /* NFURLConnection.h in Headers */ = {isa = PBXBuildFile; fileRef = B5BB0386149EBD0D000F7DD1 /* NFURLConnection.h */; };
		B5BB0392149EBD0D000F7DD1 /* NFURLConnection.m in Sources */ = {isa = PBXBuildFile; fileRef = B5BB0387149EBD0D000F7DD1 /* NFURLConnection.m */; };
		B5BB0393149EBD0D000F7DD1 /* NFURLRequest.h in Headers */ = {isa = PBXBuildFile; fileRef = B5BB0388149EBD0D000F7DD1 /* NFURLRequest.h */; };
		B5BB0394149EBD0D000F7DD1 /* NFURLRequest.m in Sources */ = {isa = PBXBuildFile; fileRef = B5BB0389149EBD0D000F7DD1 /* NFURLRequest.m */; };
		B5BB0395149EBD0D000F7DD1 /* NFURLRequestDataUpload.h in Headers */ = {isa = PBXBuildFile; fileRef = B5BB038A149EBD0D000F7DD1 /* NFURLRequestDataUpload.h */; };
		B5BB0396149EBD0D000F7DD1 /* NFURLRequestDataUpload.m in Sources */ = {isa = PBXBuildFile; fileRef = B5BB038B149EBD0D000F7DD1 /* NFURLRequestDataUpload.m */; };
		B5BB0399149EBD0D000F7DD1 /* NFURLResponse.h in Headers */ = {isa = PBXBuildFile; fileRef = B5BB038E149EBD0D000F7DD1 /* NFURLResponse.h */; };
		B5BB039A149EBD0D000F7DD1 /* NFURLResponse.m in Sources */ = {isa = PBXBuildFile; fileRef = B5BB038F149EBD0D000F7DD1 /* NFURLResponse.m */; };
		B5BB03A3149EBD2B000F7DD1 /* InfoPlist.strings in Resources */ = {isa = PBXBuildFile; fileRef = B5BB039E149EBD2B000F7DD1 /* InfoPlist.strings */; };
		B5BB03A4149EBD2B000F7DD1 /* NFURLConnectionTests.m in Sources */ = {isa = PBXBuildFile; fileRef = B5BB03A1149EBD2B000F7DD1 /* NFURLConnectionTests.m */; };
		B5C2B49214FB34B400DBB257 /* UIKit.framework in Frameworks */ = {isa = PBXBuildFile; fileRef = B5BB0346149EBA5E000F7DD1 /* UIKit.framework */; };
		B5C2B49314FB34B400DBB257 /* Foundation.framework in Frameworks */ = {isa = PBXBuildFile; fileRef = B5BB0336149EBA5E000F7DD1 /* Foundation.framework */; };
		B5C2B49514FB34B400DBB257 /* CoreGraphics.framework in Frameworks */ = {isa = PBXBuildFile; fileRef = B5C2B49414FB34B400DBB257 /* CoreGraphics.framework */; };
		B5C2B49B14FB34B400DBB257 /* InfoPlist.strings in Resources */ = {isa = PBXBuildFile; fileRef = B5C2B49914FB34B400DBB257 /* InfoPlist.strings */; };
		B5C2B49D14FB34B400DBB257 /* main.m in Sources */ = {isa = PBXBuildFile; fileRef = B5C2B49C14FB34B400DBB257 /* main.m */; };
		B5C2B4A114FB34B400DBB257 /* AppDelegate.m in Sources */ = {isa = PBXBuildFile; fileRef = B5C2B4A014FB34B400DBB257 /* AppDelegate.m */; };
		B5C2B4AA14FB34B400DBB257 /* ViewController.m in Sources */ = {isa = PBXBuildFile; fileRef = B5C2B4A914FB34B400DBB257 /* ViewController.m */; };
		B5C2B4C614FB351900DBB257 /* MainWindow-iPhone.xib in Resources */ = {isa = PBXBuildFile; fileRef = B5C2B4C514FB351900DBB257 /* MainWindow-iPhone.xib */; };
		B5C2B4C814FB369300DBB257 /* ViewController.xib in Resources */ = {isa = PBXBuildFile; fileRef = B5C2B4C714FB369300DBB257 /* ViewController.xib */; };
		B5C2B4CB14FB392100DBB257 /* libNFURLConnection.a in Frameworks */ = {isa = PBXBuildFile; fileRef = B5BB0333149EBA5E000F7DD1 /* libNFURLConnection.a */; };
		B5E05009149EBFEB00EA6072 /* NFURLXMLParser.h in Headers */ = {isa = PBXBuildFile; fileRef = B5E05007149EBFEB00EA6072 /* NFURLXMLParser.h */; };
		B5E0500A149EBFEB00EA6072 /* NFURLXMLParser.m in Sources */ = {isa = PBXBuildFile; fileRef = B5E05008149EBFEB00EA6072 /* NFURLXMLParser.m */; };
/* End PBXBuildFile section */

/* Begin PBXContainerItemProxy section */
		B5BB0349149EBA5E000F7DD1 /* PBXContainerItemProxy */ = {
			isa = PBXContainerItemProxy;
			containerPortal = B5BB032A149EBA5E000F7DD1 /* Project object */;
			proxyType = 1;
			remoteGlobalIDString = B5BB0332149EBA5E000F7DD1;
			remoteInfo = QueuedURLConnection;
		};
		B5C2B4C914FB391D00DBB257 /* PBXContainerItemProxy */ = {
			isa = PBXContainerItemProxy;
			containerPortal = B5BB032A149EBA5E000F7DD1 /* Project object */;
			proxyType = 1;
			remoteGlobalIDString = B5BB0332149EBA5E000F7DD1;
			remoteInfo = T2URLConnection;
		};
/* End PBXContainerItemProxy section */

/* Begin PBXFileReference section */
		B504D28F17977BD7002CC17C /* Default-568h@2x.png */ = {isa = PBXFileReference; lastKnownFileType = image.png; path = "Default-568h@2x.png"; sourceTree = "<group>"; };
		B5745DF41A9C020400646A04 /* NSString+NFURLConnection.h */ = {isa = PBXFileReference; fileEncoding = 4; lastKnownFileType = sourcecode.c.h; path = "NSString+NFURLConnection.h"; sourceTree = "<group>"; };
		B5745DF51A9C020400646A04 /* NSString+NFURLConnection.m */ = {isa = PBXFileReference; fileEncoding = 4; lastKnownFileType = sourcecode.c.objc; path = "NSString+NFURLConnection.m"; sourceTree = "<group>"; };
		B5BB0333149EBA5E000F7DD1 /* libNFURLConnection.a */ = {isa = PBXFileReference; explicitFileType = archive.ar; includeInIndex = 0; path = libNFURLConnection.a; sourceTree = BUILT_PRODUCTS_DIR; };
		B5BB0336149EBA5E000F7DD1 /* Foundation.framework */ = {isa = PBXFileReference; lastKnownFileType = wrapper.framework; name = Foundation.framework; path = System/Library/Frameworks/Foundation.framework; sourceTree = SDKROOT; };
		B5BB0343149EBA5E000F7DD1 /* NFURLConnectionTests.octest */ = {isa = PBXFileReference; explicitFileType = wrapper.cfbundle; includeInIndex = 0; path = NFURLConnectionTests.octest; sourceTree = BUILT_PRODUCTS_DIR; };
		B5BB0344149EBA5E000F7DD1 /* SenTestingKit.framework */ = {isa = PBXFileReference; lastKnownFileType = wrapper.framework; name = SenTestingKit.framework; path = Library/Frameworks/SenTestingKit.framework; sourceTree = DEVELOPER_DIR; };
		B5BB0346149EBA5E000F7DD1 /* UIKit.framework */ = {isa = PBXFileReference; lastKnownFileType = wrapper.framework; name = UIKit.framework; path = Library/Frameworks/UIKit.framework; sourceTree = DEVELOPER_DIR; };
		B5BB0385149EBD0D000F7DD1 /* NFURLConnection-Prefix.pch */ = {isa = PBXFileReference; fileEncoding = 4; lastKnownFileType = sourcecode.c.h; path = "NFURLConnection-Prefix.pch"; sourceTree = "<group>"; };
		B5BB0386149EBD0D000F7DD1 /* NFURLConnection.h */ = {isa = PBXFileReference; fileEncoding = 4; lastKnownFileType = sourcecode.c.h; path = NFURLConnection.h; sourceTree = "<group>"; };
		B5BB0387149EBD0D000F7DD1 /* NFURLConnection.m */ = {isa = PBXFileReference; fileEncoding = 4; lastKnownFileType = sourcecode.c.objc; path = NFURLConnection.m; sourceTree = "<group>"; };
		B5BB0388149EBD0D000F7DD1 /* NFURLRequest.h */ = {isa = PBXFileReference; fileEncoding = 4; lastKnownFileType = sourcecode.c.h; path = NFURLRequest.h; sourceTree = "<group>"; };
		B5BB0389149EBD0D000F7DD1 /* NFURLRequest.m */ = {isa = PBXFileReference; fileEncoding = 4; lastKnownFileType = sourcecode.c.objc; path = NFURLRequest.m; sourceTree = "<group>"; };
		B5BB038A149EBD0D000F7DD1 /* NFURLRequestDataUpload.h */ = {isa = PBXFileReference; fileEncoding = 4; lastKnownFileType = sourcecode.c.h; path = NFURLRequestDataUpload.h; sourceTree = "<group>"; };
		B5BB038B149EBD0D000F7DD1 /* NFURLRequestDataUpload.m */ = {isa = PBXFileReference; fileEncoding = 4; lastKnownFileType = sourcecode.c.objc; path = NFURLRequestDataUpload.m; sourceTree = "<group>"; };
		B5BB038E149EBD0D000F7DD1 /* NFURLResponse.h */ = {isa = PBXFileReference; fileEncoding = 4; lastKnownFileType = sourcecode.c.h; path = NFURLResponse.h; sourceTree = "<group>"; };
		B5BB038F149EBD0D000F7DD1 /* NFURLResponse.m */ = {isa = PBXFileReference; fileEncoding = 4; lastKnownFileType = sourcecode.c.objc; path = NFURLResponse.m; sourceTree = "<group>"; };
		B5BB039F149EBD2B000F7DD1 /* en */ = {isa = PBXFileReference; lastKnownFileType = text.plist.strings; name = en; path = en.lproj/InfoPlist.strings; sourceTree = "<group>"; };
		B5BB03A0149EBD2B000F7DD1 /* NFURLConnectionTests.h */ = {isa = PBXFileReference; fileEncoding = 4; lastKnownFileType = sourcecode.c.h; path = NFURLConnectionTests.h; sourceTree = "<group>"; };
		B5BB03A1149EBD2B000F7DD1 /* NFURLConnectionTests.m */ = {isa = PBXFileReference; fileEncoding = 4; lastKnownFileType = sourcecode.c.objc; path = NFURLConnectionTests.m; sourceTree = "<group>"; };
		B5BB03A2149EBD2B000F7DD1 /* NFURLConnectionTests-Info.plist */ = {isa = PBXFileReference; fileEncoding = 4; lastKnownFileType = text.plist.xml; path = "NFURLConnectionTests-Info.plist"; sourceTree = "<group>"; };
		B5C2B49014FB34B400DBB257 /* NFURLConnectionTestApp.app */ = {isa = PBXFileReference; explicitFileType = wrapper.application; includeInIndex = 0; path = NFURLConnectionTestApp.app; sourceTree = BUILT_PRODUCTS_DIR; };
		B5C2B49414FB34B400DBB257 /* CoreGraphics.framework */ = {isa = PBXFileReference; lastKnownFileType = wrapper.framework; name = CoreGraphics.framework; path = System/Library/Frameworks/CoreGraphics.framework; sourceTree = SDKROOT; };
		B5C2B49814FB34B400DBB257 /* NFURLConnectionTestApp-Info.plist */ = {isa = PBXFileReference; lastKnownFileType = text.plist.xml; path = "NFURLConnectionTestApp-Info.plist"; sourceTree = "<group>"; };
		B5C2B49A14FB34B400DBB257 /* en */ = {isa = PBXFileReference; lastKnownFileType = text.plist.strings; name = en; path = en.lproj/InfoPlist.strings; sourceTree = "<group>"; };
		B5C2B49C14FB34B400DBB257 /* main.m */ = {isa = PBXFileReference; lastKnownFileType = sourcecode.c.objc; path = main.m; sourceTree = "<group>"; };
		B5C2B49E14FB34B400DBB257 /* NFURLConnectionTestApp-Prefix.pch */ = {isa = PBXFileReference; lastKnownFileType = sourcecode.c.h; path = "NFURLConnectionTestApp-Prefix.pch"; sourceTree = "<group>"; };
		B5C2B49F14FB34B400DBB257 /* AppDelegate.h */ = {isa = PBXFileReference; lastKnownFileType = sourcecode.c.h; path = AppDelegate.h; sourceTree = "<group>"; };
		B5C2B4A014FB34B400DBB257 /* AppDelegate.m */ = {isa = PBXFileReference; lastKnownFileType = sourcecode.c.objc; path = AppDelegate.m; sourceTree = "<group>"; };
		B5C2B4A814FB34B400DBB257 /* ViewController.h */ = {isa = PBXFileReference; lastKnownFileType = sourcecode.c.h; path = ViewController.h; sourceTree = "<group>"; };
		B5C2B4A914FB34B400DBB257 /* ViewController.m */ = {isa = PBXFileReference; lastKnownFileType = sourcecode.c.objc; path = ViewController.m; sourceTree = "<group>"; };
		B5C2B4C514FB351900DBB257 /* MainWindow-iPhone.xib */ = {isa = PBXFileReference; fileEncoding = 4; lastKnownFileType = file.xib; path = "MainWindow-iPhone.xib"; sourceTree = "<group>"; };
		B5C2B4C714FB369300DBB257 /* ViewController.xib */ = {isa = PBXFileReference; fileEncoding = 4; lastKnownFileType = file.xib; path = ViewController.xib; sourceTree = "<group>"; };
		B5E05007149EBFEB00EA6072 /* NFURLXMLParser.h */ = {isa = PBXFileReference; fileEncoding = 4; lastKnownFileType = sourcecode.c.h; path = NFURLXMLParser.h; sourceTree = "<group>"; };
		B5E05008149EBFEB00EA6072 /* NFURLXMLParser.m */ = {isa = PBXFileReference; fileEncoding = 4; lastKnownFileType = sourcecode.c.objc; path = NFURLXMLParser.m; sourceTree = "<group>"; };
		B5EBA5B614C6461500421D84 /* README.md */ = {isa = PBXFileReference; fileEncoding = 4; lastKnownFileType = text; path = README.md; sourceTree = "<group>"; };
/* End PBXFileReference section */

/* Begin PBXFrameworksBuildPhase section */
		B5BB0330149EBA5E000F7DD1 /* Frameworks */ = {
			isa = PBXFrameworksBuildPhase;
			buildActionMask = 2147483647;
			files = (
				B5BB0337149EBA5E000F7DD1 /* Foundation.framework in Frameworks */,
			);
			runOnlyForDeploymentPostprocessing = 0;
		};
		B5BB033F149EBA5E000F7DD1 /* Frameworks */ = {
			isa = PBXFrameworksBuildPhase;
			buildActionMask = 2147483647;
			files = (
				B5BB0345149EBA5E000F7DD1 /* SenTestingKit.framework in Frameworks */,
				B5BB0347149EBA5E000F7DD1 /* UIKit.framework in Frameworks */,
				B5BB0348149EBA5E000F7DD1 /* Foundation.framework in Frameworks */,
				B5BB034B149EBA5E000F7DD1 /* libNFURLConnection.a in Frameworks */,
			);
			runOnlyForDeploymentPostprocessing = 0;
		};
		B5C2B48D14FB34B400DBB257 /* Frameworks */ = {
			isa = PBXFrameworksBuildPhase;
			buildActionMask = 2147483647;
			files = (
				B5C2B4CB14FB392100DBB257 /* libNFURLConnection.a in Frameworks */,
				B5C2B49214FB34B400DBB257 /* UIKit.framework in Frameworks */,
				B5C2B49314FB34B400DBB257 /* Foundation.framework in Frameworks */,
				B5C2B49514FB34B400DBB257 /* CoreGraphics.framework in Frameworks */,
			);
			runOnlyForDeploymentPostprocessing = 0;
		};
/* End PBXFrameworksBuildPhase section */

/* Begin PBXGroup section */
		B504D28E17977BD7002CC17C /* images */ = {
			isa = PBXGroup;
			children = (
				B504D28F17977BD7002CC17C /* Default-568h@2x.png */,
			);
			path = images;
			sourceTree = "<group>";
		};
		B5BB0328149EBA5E000F7DD1 = {
			isa = PBXGroup;
			children = (
				B5EBA5B614C6461500421D84 /* README.md */,
				B5BB0384149EBD0D000F7DD1 /* NFURLConnection */,
				B5BB039D149EBD2B000F7DD1 /* NFURLConnectionTests */,
				B5C2B49614FB34B400DBB257 /* NFURLConnectionTestApp */,
				B5BB0335149EBA5E000F7DD1 /* Frameworks */,
				B5BB0334149EBA5E000F7DD1 /* Products */,
			);
			sourceTree = "<group>";
		};
		B5BB0334149EBA5E000F7DD1 /* Products */ = {
			isa = PBXGroup;
			children = (
				B5BB0333149EBA5E000F7DD1 /* libNFURLConnection.a */,
				B5BB0343149EBA5E000F7DD1 /* NFURLConnectionTests.octest */,
				B5C2B49014FB34B400DBB257 /* NFURLConnectionTestApp.app */,
			);
			name = Products;
			sourceTree = "<group>";
		};
		B5BB0335149EBA5E000F7DD1 /* Frameworks */ = {
			isa = PBXGroup;
			children = (
				B5BB0336149EBA5E000F7DD1 /* Foundation.framework */,
				B5BB0344149EBA5E000F7DD1 /* SenTestingKit.framework */,
				B5BB0346149EBA5E000F7DD1 /* UIKit.framework */,
				B5C2B49414FB34B400DBB257 /* CoreGraphics.framework */,
			);
			name = Frameworks;
			sourceTree = "<group>";
		};
		B5BB0384149EBD0D000F7DD1 /* NFURLConnection */ = {
			isa = PBXGroup;
			children = (
				B5BB0386149EBD0D000F7DD1 /* NFURLConnection.h */,
				B5BB0387149EBD0D000F7DD1 /* NFURLConnection.m */,
				B5BB0388149EBD0D000F7DD1 /* NFURLRequest.h */,
				B5BB0389149EBD0D000F7DD1 /* NFURLRequest.m */,
				B5BB038A149EBD0D000F7DD1 /* NFURLRequestDataUpload.h */,
				B5BB038B149EBD0D000F7DD1 /* NFURLRequestDataUpload.m */,
				B5BB038E149EBD0D000F7DD1 /* NFURLResponse.h */,
				B5BB038F149EBD0D000F7DD1 /* NFURLResponse.m */,
				B5E05007149EBFEB00EA6072 /* NFURLXMLParser.h */,
				B5E05008149EBFEB00EA6072 /* NFURLXMLParser.m */,
				B5745DF41A9C020400646A04 /* NSString+NFURLConnection.h */,
				B5745DF51A9C020400646A04 /* NSString+NFURLConnection.m */,
				B5BB039C149EBD13000F7DD1 /* Supporting Files */,
			);
			path = NFURLConnection;
			sourceTree = "<group>";
		};
		B5BB039C149EBD13000F7DD1 /* Supporting Files */ = {
			isa = PBXGroup;
			children = (
				B5BB0385149EBD0D000F7DD1 /* NFURLConnection-Prefix.pch */,
			);
			name = "Supporting Files";
			sourceTree = "<group>";
		};
		B5BB039D149EBD2B000F7DD1 /* NFURLConnectionTests */ = {
			isa = PBXGroup;
			children = (
				B5BB03A0149EBD2B000F7DD1 /* NFURLConnectionTests.h */,
				B5BB03A1149EBD2B000F7DD1 /* NFURLConnectionTests.m */,
				B5BB03A6149EBD39000F7DD1 /* Supporting Files */,
			);
			path = NFURLConnectionTests;
			sourceTree = "<group>";
		};
		B5BB03A6149EBD39000F7DD1 /* Supporting Files */ = {
			isa = PBXGroup;
			children = (
				B5BB03A2149EBD2B000F7DD1 /* NFURLConnectionTests-Info.plist */,
				B5BB039E149EBD2B000F7DD1 /* InfoPlist.strings */,
			);
			name = "Supporting Files";
			sourceTree = "<group>";
		};
		B5C2B49614FB34B400DBB257 /* NFURLConnectionTestApp */ = {
			isa = PBXGroup;
			children = (
				B5C2B49F14FB34B400DBB257 /* AppDelegate.h */,
				B5C2B4A014FB34B400DBB257 /* AppDelegate.m */,
				B5C2B4A814FB34B400DBB257 /* ViewController.h */,
				B5C2B4A914FB34B400DBB257 /* ViewController.m */,
				B5C2B4C714FB369300DBB257 /* ViewController.xib */,
				B504D28E17977BD7002CC17C /* images */,
				B5C2B49714FB34B400DBB257 /* Supporting Files */,
			);
			path = NFURLConnectionTestApp;
			sourceTree = "<group>";
		};
		B5C2B49714FB34B400DBB257 /* Supporting Files */ = {
			isa = PBXGroup;
			children = (
				B5C2B49814FB34B400DBB257 /* NFURLConnectionTestApp-Info.plist */,
				B5C2B49914FB34B400DBB257 /* InfoPlist.strings */,
				B5C2B49C14FB34B400DBB257 /* main.m */,
				B5C2B49E14FB34B400DBB257 /* NFURLConnectionTestApp-Prefix.pch */,
				B5C2B4C514FB351900DBB257 /* MainWindow-iPhone.xib */,
			);
			name = "Supporting Files";
			sourceTree = "<group>";
		};
/* End PBXGroup section */

/* Begin PBXHeadersBuildPhase section */
		B5BB0331149EBA5E000F7DD1 /* Headers */ = {
			isa = PBXHeadersBuildPhase;
			buildActionMask = 2147483647;
			files = (
				B5BB0390149EBD0D000F7DD1 /* NFURLConnection-Prefix.pch in Headers */,
				B5BB0391149EBD0D000F7DD1 /* NFURLConnection.h in Headers */,
				B5745DF61A9C020400646A04 /* NSString+NFURLConnection.h in Headers */,
				B5BB0393149EBD0D000F7DD1 /* NFURLRequest.h in Headers */,
				B5BB0395149EBD0D000F7DD1 /* NFURLRequestDataUpload.h in Headers */,
				B5BB0399149EBD0D000F7DD1 /* NFURLResponse.h in Headers */,
				B5E05009149EBFEB00EA6072 /* NFURLXMLParser.h in Headers */,
			);
			runOnlyForDeploymentPostprocessing = 0;
		};
/* End PBXHeadersBuildPhase section */

/* Begin PBXNativeTarget section */
		B5BB0332149EBA5E000F7DD1 /* NFURLConnection */ = {
			isa = PBXNativeTarget;
			buildConfigurationList = B5BB0357149EBA5E000F7DD1 /* Build configuration list for PBXNativeTarget "NFURLConnection" */;
			buildPhases = (
				B5BB032F149EBA5E000F7DD1 /* Sources */,
				B5BB0330149EBA5E000F7DD1 /* Frameworks */,
				B5BB0331149EBA5E000F7DD1 /* Headers */,
			);
			buildRules = (
			);
			dependencies = (
			);
			name = NFURLConnection;
			productName = QueuedURLConnection;
			productReference = B5BB0333149EBA5E000F7DD1 /* libNFURLConnection.a */;
			productType = "com.apple.product-type.library.static";
		};
		B5BB0342149EBA5E000F7DD1 /* NFURLConnectionTests */ = {
			isa = PBXNativeTarget;
			buildConfigurationList = B5BB035A149EBA5E000F7DD1 /* Build configuration list for PBXNativeTarget "NFURLConnectionTests" */;
			buildPhases = (
				B5BB033E149EBA5E000F7DD1 /* Sources */,
				B5BB033F149EBA5E000F7DD1 /* Frameworks */,
				B5BB0340149EBA5E000F7DD1 /* Resources */,
				B5BB0341149EBA5E000F7DD1 /* ShellScript */,
			);
			buildRules = (
			);
			dependencies = (
				B5BB034A149EBA5E000F7DD1 /* PBXTargetDependency */,
			);
			name = NFURLConnectionTests;
			productName = QueuedURLConnectionTests;
			productReference = B5BB0343149EBA5E000F7DD1 /* NFURLConnectionTests.octest */;
			productType = "com.apple.product-type.bundle.ocunit-test";
		};
		B5C2B48F14FB34B400DBB257 /* NFURLConnectionTestApp */ = {
			isa = PBXNativeTarget;
			buildConfigurationList = B5C2B4BF14FB34B500DBB257 /* Build configuration list for PBXNativeTarget "NFURLConnectionTestApp" */;
			buildPhases = (
				B5C2B48C14FB34B400DBB257 /* Sources */,
				B5C2B48D14FB34B400DBB257 /* Frameworks */,
				B5C2B48E14FB34B400DBB257 /* Resources */,
			);
			buildRules = (
			);
			dependencies = (
				B5C2B4CA14FB391D00DBB257 /* PBXTargetDependency */,
			);
			name = NFURLConnectionTestApp;
			productName = T2URLConnectionTestApp;
			productReference = B5C2B49014FB34B400DBB257 /* NFURLConnectionTestApp.app */;
			productType = "com.apple.product-type.application";
		};
/* End PBXNativeTarget section */

/* Begin PBXProject section */
		B5BB032A149EBA5E000F7DD1 /* Project object */ = {
			isa = PBXProject;
			attributes = {
				LastTestingUpgradeCheck = 0610;
				LastUpgradeCheck = 0610;
				ORGANIZATIONNAME = NextFaze;
			};
			buildConfigurationList = B5BB032D149EBA5E000F7DD1 /* Build configuration list for PBXProject "NFURLConnection" */;
			compatibilityVersion = "Xcode 3.2";
			developmentRegion = English;
			hasScannedForEncodings = 0;
			knownRegions = (
				en,
			);
			mainGroup = B5BB0328149EBA5E000F7DD1;
			productRefGroup = B5BB0334149EBA5E000F7DD1 /* Products */;
			projectDirPath = "";
			projectRoot = "";
			targets = (
				B5BB0332149EBA5E000F7DD1 /* NFURLConnection */,
				B5BB0342149EBA5E000F7DD1 /* NFURLConnectionTests */,
				B5C2B48F14FB34B400DBB257 /* NFURLConnectionTestApp */,
			);
		};
/* End PBXProject section */

/* Begin PBXResourcesBuildPhase section */
		B5BB0340149EBA5E000F7DD1 /* Resources */ = {
			isa = PBXResourcesBuildPhase;
			buildActionMask = 2147483647;
			files = (
				B5BB03A3149EBD2B000F7DD1 /* InfoPlist.strings in Resources */,
			);
			runOnlyForDeploymentPostprocessing = 0;
		};
		B5C2B48E14FB34B400DBB257 /* Resources */ = {
			isa = PBXResourcesBuildPhase;
			buildActionMask = 2147483647;
			files = (
				B5C2B49B14FB34B400DBB257 /* InfoPlist.strings in Resources */,
				B5C2B4C614FB351900DBB257 /* MainWindow-iPhone.xib in Resources */,
				B5C2B4C814FB369300DBB257 /* ViewController.xib in Resources */,
				B504D29017977BD7002CC17C /* Default-568h@2x.png in Resources */,
			);
			runOnlyForDeploymentPostprocessing = 0;
		};
/* End PBXResourcesBuildPhase section */

/* Begin PBXShellScriptBuildPhase section */
		B5BB0341149EBA5E000F7DD1 /* ShellScript */ = {
			isa = PBXShellScriptBuildPhase;
			buildActionMask = 2147483647;
			files = (
			);
			inputPaths = (
			);
			outputPaths = (
			);
			runOnlyForDeploymentPostprocessing = 0;
			shellPath = /bin/sh;
			shellScript = "# Run the unit tests in this test bundle.\n\"${SYSTEM_DEVELOPER_DIR}/Tools/RunUnitTests\"\n";
		};
/* End PBXShellScriptBuildPhase section */

/* Begin PBXSourcesBuildPhase section */
		B5BB032F149EBA5E000F7DD1 /* Sources */ = {
			isa = PBXSourcesBuildPhase;
			buildActionMask = 2147483647;
			files = (
				B5BB0392149EBD0D000F7DD1 /* NFURLConnection.m in Sources */,
				B5745DF71A9C020400646A04 /* NSString+NFURLConnection.m in Sources */,
				B5BB0394149EBD0D000F7DD1 /* NFURLRequest.m in Sources */,
				B5BB0396149EBD0D000F7DD1 /* NFURLRequestDataUpload.m in Sources */,
				B5BB039A149EBD0D000F7DD1 /* NFURLResponse.m in Sources */,
				B5E0500A149EBFEB00EA6072 /* NFURLXMLParser.m in Sources */,
			);
			runOnlyForDeploymentPostprocessing = 0;
		};
		B5BB033E149EBA5E000F7DD1 /* Sources */ = {
			isa = PBXSourcesBuildPhase;
			buildActionMask = 2147483647;
			files = (
				B5BB03A4149EBD2B000F7DD1 /* NFURLConnectionTests.m in Sources */,
			);
			runOnlyForDeploymentPostprocessing = 0;
		};
		B5C2B48C14FB34B400DBB257 /* Sources */ = {
			isa = PBXSourcesBuildPhase;
			buildActionMask = 2147483647;
			files = (
				B5C2B49D14FB34B400DBB257 /* main.m in Sources */,
				B5C2B4A114FB34B400DBB257 /* AppDelegate.m in Sources */,
				B5C2B4AA14FB34B400DBB257 /* ViewController.m in Sources */,
			);
			runOnlyForDeploymentPostprocessing = 0;
		};
/* End PBXSourcesBuildPhase section */

/* Begin PBXTargetDependency section */
		B5BB034A149EBA5E000F7DD1 /* PBXTargetDependency */ = {
			isa = PBXTargetDependency;
			target = B5BB0332149EBA5E000F7DD1 /* NFURLConnection */;
			targetProxy = B5BB0349149EBA5E000F7DD1 /* PBXContainerItemProxy */;
		};
		B5C2B4CA14FB391D00DBB257 /* PBXTargetDependency */ = {
			isa = PBXTargetDependency;
			target = B5BB0332149EBA5E000F7DD1 /* NFURLConnection */;
			targetProxy = B5C2B4C914FB391D00DBB257 /* PBXContainerItemProxy */;
		};
/* End PBXTargetDependency section */

/* Begin PBXVariantGroup section */
		B5BB039E149EBD2B000F7DD1 /* InfoPlist.strings */ = {
			isa = PBXVariantGroup;
			children = (
				B5BB039F149EBD2B000F7DD1 /* en */,
			);
			name = InfoPlist.strings;
			sourceTree = "<group>";
		};
		B5C2B49914FB34B400DBB257 /* InfoPlist.strings */ = {
			isa = PBXVariantGroup;
			children = (
				B5C2B49A14FB34B400DBB257 /* en */,
			);
			name = InfoPlist.strings;
			sourceTree = "<group>";
		};
/* End PBXVariantGroup section */

/* Begin XCBuildConfiguration section */
		B5BB0355149EBA5E000F7DD1 /* Debug */ = {
			isa = XCBuildConfiguration;
			buildSettings = {
				ALWAYS_SEARCH_USER_PATHS = NO;
				CLANG_ENABLE_OBJC_ARC = YES;
				CLANG_WARN_BOOL_CONVERSION = YES;
				CLANG_WARN_CONSTANT_CONVERSION = YES;
				CLANG_WARN_EMPTY_BODY = YES;
				CLANG_WARN_ENUM_CONVERSION = YES;
				CLANG_WARN_INT_CONVERSION = YES;
				CLANG_WARN_UNREACHABLE_CODE = YES;
				CLANG_WARN__DUPLICATE_METHOD_MATCH = YES;
				COPY_PHASE_STRIP = NO;
				ENABLE_STRICT_OBJC_MSGSEND = YES;
				GCC_C_LANGUAGE_STANDARD = gnu99;
				GCC_DYNAMIC_NO_PIC = NO;
				GCC_OPTIMIZATION_LEVEL = 0;
				GCC_PREPROCESSOR_DEFINITIONS = (
					"DEBUG=1",
					"$(inherited)",
				);
				GCC_SYMBOLS_PRIVATE_EXTERN = NO;
				GCC_VERSION = com.apple.compilers.llvm.clang.1_0;
				GCC_WARN_64_TO_32_BIT_CONVERSION = YES;
				GCC_WARN_ABOUT_MISSING_PROTOTYPES = YES;
				GCC_WARN_ABOUT_RETURN_TYPE = YES;
				GCC_WARN_UNDECLARED_SELECTOR = YES;
				GCC_WARN_UNINITIALIZED_AUTOS = YES;
				GCC_WARN_UNUSED_FUNCTION = YES;
				GCC_WARN_UNUSED_VARIABLE = YES;
				IPHONEOS_DEPLOYMENT_TARGET = 6.0;
				ONLY_ACTIVE_ARCH = YES;
				SDKROOT = iphoneos;
			};
			name = Debug;
		};
		B5BB0356149EBA5E000F7DD1 /* Release */ = {
			isa = XCBuildConfiguration;
			buildSettings = {
				ALWAYS_SEARCH_USER_PATHS = NO;
				CLANG_ENABLE_OBJC_ARC = YES;
				CLANG_WARN_BOOL_CONVERSION = YES;
				CLANG_WARN_CONSTANT_CONVERSION = YES;
				CLANG_WARN_EMPTY_BODY = YES;
				CLANG_WARN_ENUM_CONVERSION = YES;
				CLANG_WARN_INT_CONVERSION = YES;
				CLANG_WARN_UNREACHABLE_CODE = YES;
				CLANG_WARN__DUPLICATE_METHOD_MATCH = YES;
				COPY_PHASE_STRIP = YES;
				ENABLE_STRICT_OBJC_MSGSEND = YES;
				GCC_C_LANGUAGE_STANDARD = gnu99;
				GCC_VERSION = com.apple.compilers.llvm.clang.1_0;
				GCC_WARN_64_TO_32_BIT_CONVERSION = YES;
				GCC_WARN_ABOUT_MISSING_PROTOTYPES = YES;
				GCC_WARN_ABOUT_RETURN_TYPE = YES;
				GCC_WARN_UNDECLARED_SELECTOR = YES;
				GCC_WARN_UNINITIALIZED_AUTOS = YES;
				GCC_WARN_UNUSED_FUNCTION = YES;
				GCC_WARN_UNUSED_VARIABLE = YES;
				IPHONEOS_DEPLOYMENT_TARGET = 6.0;
				SDKROOT = iphoneos;
				VALIDATE_PRODUCT = YES;
			};
			name = Release;
		};
		B5BB0358149EBA5E000F7DD1 /* Debug */ = {
			isa = XCBuildConfiguration;
			buildSettings = {
				DSTROOT = /tmp/QueuedURLConnection.dst;
				GCC_PRECOMPILE_PREFIX_HEADER = YES;
				GCC_PREFIX_HEADER = "NFURLConnection/NFURLConnection-Prefix.pch";
				GCC_THUMB_SUPPORT = NO;
				HEADER_SEARCH_PATHS = "Frameworks/**";
				IPHONEOS_DEPLOYMENT_TARGET = 4.3;
				OTHER_LDFLAGS = "-ObjC";
				PRODUCT_NAME = NFURLConnection;
				SKIP_INSTALL = YES;
			};
			name = Debug;
		};
		B5BB0359149EBA5E000F7DD1 /* Release */ = {
			isa = XCBuildConfiguration;
			buildSettings = {
				DSTROOT = /tmp/QueuedURLConnection.dst;
				GCC_PRECOMPILE_PREFIX_HEADER = YES;
				GCC_PREFIX_HEADER = "NFURLConnection/NFURLConnection-Prefix.pch";
				GCC_THUMB_SUPPORT = NO;
				HEADER_SEARCH_PATHS = "Frameworks/**";
				IPHONEOS_DEPLOYMENT_TARGET = 4.3;
				OTHER_LDFLAGS = "-ObjC";
				PRODUCT_NAME = NFURLConnection;
				SKIP_INSTALL = YES;
			};
			name = Release;
		};
		B5BB035B149EBA5E000F7DD1 /* Debug */ = {
			isa = XCBuildConfiguration;
			buildSettings = {
				FRAMEWORK_SEARCH_PATHS = (
					"$(SDKROOT)/Developer/Library/Frameworks",
					"$(DEVELOPER_LIBRARY_DIR)/Frameworks",
				);
				GCC_PRECOMPILE_PREFIX_HEADER = YES;
				GCC_PREFIX_HEADER = "NFURLConnection/T2URLConnection-Prefix.pch";
				INFOPLIST_FILE = "NFURLConnectionTests/NFURLConnectionTests-Info.plist";
				PRODUCT_NAME = NFURLConnectionTests;
				WRAPPER_EXTENSION = octest;
			};
			name = Debug;
		};
		B5BB035C149EBA5E000F7DD1 /* Release */ = {
			isa = XCBuildConfiguration;
			buildSettings = {
				FRAMEWORK_SEARCH_PATHS = (
					"$(SDKROOT)/Developer/Library/Frameworks",
					"$(DEVELOPER_LIBRARY_DIR)/Frameworks",
				);
				GCC_PRECOMPILE_PREFIX_HEADER = YES;
				GCC_PREFIX_HEADER = "NFURLConnection/T2URLConnection-Prefix.pch";
				INFOPLIST_FILE = "NFURLConnectionTests/NFURLConnectionTests-Info.plist";
				PRODUCT_NAME = NFURLConnectionTests;
				WRAPPER_EXTENSION = octest;
			};
			name = Release;
		};
		B5C2B4C014FB34B500DBB257 /* Debug */ = {
			isa = XCBuildConfiguration;
			buildSettings = {
				CLANG_ENABLE_OBJC_ARC = NO;
				"CODE_SIGN_IDENTITY[sdk=iphoneos*]" = "iPhone Developer";
				FRAMEWORK_SEARCH_PATHS = (
					"$(inherited)",
					"\"$(SYSTEM_APPS_DIR)/Xcode.app/Contents/Developer/Library/Frameworks\"",
				);
				GCC_PRECOMPILE_PREFIX_HEADER = YES;
				GCC_PREFIX_HEADER = "NFURLConnectionTestApp/NFURLConnectionTestApp-Prefix.pch";
				GCC_WARN_UNINITIALIZED_AUTOS = YES;
				INFOPLIST_FILE = "NFURLConnectionTestApp/NFURLConnectionTestApp-Info.plist";
				IPHONEOS_DEPLOYMENT_TARGET = 5.0;
				PRODUCT_NAME = NFURLConnectionTestApp;
				TARGETED_DEVICE_FAMILY = "1,2";
				WRAPPER_EXTENSION = app;
			};
			name = Debug;
		};
		B5C2B4C114FB34B500DBB257 /* Release */ = {
			isa = XCBuildConfiguration;
			buildSettings = {
				CLANG_ENABLE_OBJC_ARC = NO;
				"CODE_SIGN_IDENTITY[sdk=iphoneos*]" = "iPhone Developer";
				FRAMEWORK_SEARCH_PATHS = (
					"$(inherited)",
					"\"$(SYSTEM_APPS_DIR)/Xcode.app/Contents/Developer/Library/Frameworks\"",
				);
				GCC_PRECOMPILE_PREFIX_HEADER = YES;
				GCC_PREFIX_HEADER = "NFURLConnectionTestApp/NFURLConnectionTestApp-Prefix.pch";
				GCC_WARN_UNINITIALIZED_AUTOS = YES;
				INFOPLIST_FILE = "NFURLConnectionTestApp/NFURLConnectionTestApp-Info.plist";
				IPHONEOS_DEPLOYMENT_TARGET = 5.0;
				OTHER_CFLAGS = "-DNS_BLOCK_ASSERTIONS=1";
				PRODUCT_NAME = NFURLConnectionTestApp;
				TARGETED_DEVICE_FAMILY = "1,2";
				WRAPPER_EXTENSION = app;
			};
			name = Release;
		};
/* End XCBuildConfiguration section */

/* Begin XCConfigurationList section */
		B5BB032D149EBA5E000F7DD1 /* Build configuration list for PBXProject "NFURLConnection" */ = {
			isa = XCConfigurationList;
			buildConfigurations = (
				B5BB0355149EBA5E000F7DD1 /* Debug */,
				B5BB0356149EBA5E000F7DD1 /* Release */,
			);
			defaultConfigurationIsVisible = 0;
			defaultConfigurationName = Release;
		};
		B5BB0357149EBA5E000F7DD1 /* Build configuration list for PBXNativeTarget "NFURLConnection" */ = {
			isa = XCConfigurationList;
			buildConfigurations = (
				B5BB0358149EBA5E000F7DD1 /* Debug */,
				B5BB0359149EBA5E000F7DD1 /* Release */,
			);
			defaultConfigurationIsVisible = 0;
			defaultConfigurationName = Release;
		};
		B5BB035A149EBA5E000F7DD1 /* Build configuration list for PBXNativeTarget "NFURLConnectionTests" */ = {
			isa = XCConfigurationList;
			buildConfigurations = (
				B5BB035B149EBA5E000F7DD1 /* Debug */,
				B5BB035C149EBA5E000F7DD1 /* Release */,
			);
			defaultConfigurationIsVisible = 0;
			defaultConfigurationName = Release;
		};
		B5C2B4BF14FB34B500DBB257 /* Build configuration list for PBXNativeTarget "NFURLConnectionTestApp" */ = {
			isa = XCConfigurationList;
			buildConfigurations = (
				B5C2B4C014FB34B500DBB257 /* Debug */,
				B5C2B4C114FB34B500DBB257 /* Release */,
			);
			defaultConfigurationIsVisible = 0;
			defaultConfigurationName = Release;
		};
/* End XCConfigurationList section */
	};
	rootObject = B5BB032A149EBA5E000F7DD1 /* Project object */;
}
